Microsoft Visual Studio Solution File, Format Version 12.00
# Visual Studio Version 17
VisualStudioVersion = 17.5.2.0
MinimumVisualStudioVersion = 10.0.40219.1
Project("{FAE04EC0-301F-11D3-BF4B-00C04F79EFBC}") = "booksProject", "booksProject.csproj", "{08797852-8E21-398A-2F44-5CE167D5CCFC}"
EndProject
Global
	GlobalSection(SolutionConfigurationPlatforms) = preSolution
		Debug|Any CPU = Debug|Any CPU
		Release|Any CPU = Release|Any CPU
	EndGlobalSection
	GlobalSection(ProjectConfigurationPlatforms) = postSolution
		{08797852-8E21-398A-2F44-5CE167D5CCFC}.Debug|Any CPU.ActiveCfg = Debug|Any CPU
		{08797852-8E21-398A-2F44-5CE167D5CCFC}.Debug|Any CPU.Build.0 = Debug|Any CPU
		{08797852-8E21-398A-2F44-5CE167D5CCFC}.Release|Any CPU.ActiveCfg = Release|Any CPU
		{08797852-8E21-398A-2F44-5CE167D5CCFC}.Release|Any CPU.Build.0 = Release|Any CPU
	EndGlobalSection
	GlobalSection(SolutionProperties) = preSolution
		HideSolutionNode = FALSE
	EndGlobalSection
	GlobalSection(ExtensibilityGlobals) = postSolution
		SolutionGuid = {B1D961FB-5638-40E4-8F30-4C4BB4188689}
	EndGlobalSection
EndGlobal
